
Microsoft Visual Studio Solution File, Format Version 10.00
# Visual Studio 2008
Project("{FAE04EC0-301F-11D3-BF4B-00C04F79EFBC}") = "Spofity", "SpofityX\Spofity.csproj", "{0389993A-1575-4ACC-9AC8-176DC784B42C}"
EndProject
Global
	GlobalSection(SolutionConfigurationPlatforms) = preSolution
		Debug|Any CPU = Debug|Any CPU
		Release|Any CPU = Release|Any CPU
	EndGlobalSection
	GlobalSection(ProjectConfigurationPlatforms) = postSolution
		{0389993A-1575-4ACC-9AC8-176DC784B42C}.Debug|Any CPU.ActiveCfg = Debug|Any CPU
		{0389993A-1575-4ACC-9AC8-176DC784B42C}.Debug|Any CPU.Build.0 = Debug|Any CPU
		{0389993A-1575-4ACC-9AC8-176DC784B42C}.Release|Any CPU.ActiveCfg = Release|Any CPU
		{0389993A-1575-4ACC-9AC8-176DC784B42C}.Release|Any CPU.Build.0 = Release|Any CPU
	EndGlobalSection
	GlobalSection(SolutionProperties) = preSolution
		HideSolutionNode = FALSE
	EndGlobalSection
EndGlobal
